
Microsoft Visual Studio Solution File, Format Version 12.00
# Visual Studio Version 17
VisualStudioVersion = 17.10.34928.147
MinimumVisualStudioVersion = 10.0.40219.1
Project("{9A19103F-16F7-4668-BE54-9A1E7A4F7556}") = "PCD.API", "PCD.API\PCD.API.csproj", "{6E4A7BEB-44FB-4D34-B77A-6C354B9AD4DC}"
EndProject
Project("{9A19103F-16F7-4668-BE54-9A1E7A4F7556}") = "PCD.Data", "PCD.Data\PCD.Data.csproj", "{E5D2044C-56B9-495D-A61B-5F6F59E1B8F4}"
EndProject
Project("{9A19103F-16F7-4668-BE54-9A1E7A4F7556}") = "PCD.ApplicationServices", "PCD.ApplicationServices\PCD.ApplicationServices.csproj", "{1810A1FF-7243-42EB-B6E2-BB97AE500D0C}"
EndProject
Project("{9A19103F-16F7-4668-BE54-9A1E7A4F7556}") = "PCD.Infrastructure", "PCD.Infrastructure\PCD.Infrastructure.csproj", "{B46B79BE-BF3A-4D7C-B415-2F6CB84BCD13}"
EndProject
Project("{9A19103F-16F7-4668-BE54-9A1E7A4F7556}") = "PCD.Repository", "PCD.Repository\PCD.Repository.csproj", "{12D32A64-15AF-41E1-9EB4-B9AC07256876}"
EndProject
Project("{E53339B2-1760-4266-BCC7-CA923CBCF16C}") = "docker-compose", "docker-compose.dcproj", "{81DDED9D-158B-E303-5F62-77A2896D2A5A}"
EndProject
Project("{E24C65DC-7377-472B-9ABA-BC803B73C61A}") = "PCD.Website", "PCD.Website\", "{EE50D978-726B-DE4C-EBF8-1232C77285FA}"
	ProjectSection(ProjectDependencies) = postProject
		{6E4A7BEB-44FB-4D34-B77A-6C354B9AD4DC} = {6E4A7BEB-44FB-4D34-B77A-6C354B9AD4DC}
	EndProjectSection
	ProjectSection(WebsiteProperties) = preProject
		TargetFrameworkMoniker = ".NETFramework,Version%3Dv4.8.1"
		Debug.AspNetCompiler.VirtualPath = "/localhost_60782"
		Debug.AspNetCompiler.PhysicalPath = "PCD.Website\"
		Debug.AspNetCompiler.TargetPath = "PrecompiledWeb\localhost_60782\"
		Debug.AspNetCompiler.Updateable = "true"
		Debug.AspNetCompiler.ForceOverwrite = "true"
		Debug.AspNetCompiler.FixedNames = "false"
		Debug.AspNetCompiler.Debug = "True"
		Release.AspNetCompiler.VirtualPath = "/localhost_60782"
		Release.AspNetCompiler.PhysicalPath = "PCD.Website\"
		Release.AspNetCompiler.TargetPath = "PrecompiledWeb\localhost_60782\"
		Release.AspNetCompiler.Updateable = "true"
		Release.AspNetCompiler.ForceOverwrite = "true"
		Release.AspNetCompiler.FixedNames = "false"
		Release.AspNetCompiler.Debug = "False"
		VWDPort = "60782"
		SlnRelativePath = "PCD.Website\"
	EndProjectSection
EndProject
Global
	GlobalSection(SolutionConfigurationPlatforms) = preSolution
		Debug|Any CPU = Debug|Any CPU
		Release|Any CPU = Release|Any CPU
	EndGlobalSection
	GlobalSection(ProjectConfigurationPlatforms) = postSolution
		{6E4A7BEB-44FB-4D34-B77A-6C354B9AD4DC}.Debug|Any CPU.ActiveCfg = Debug|Any CPU
		{6E4A7BEB-44FB-4D34-B77A-6C354B9AD4DC}.Debug|Any CPU.Build.0 = Debug|Any CPU
		{6E4A7BEB-44FB-4D34-B77A-6C354B9AD4DC}.Release|Any CPU.ActiveCfg = Release|Any CPU
		{6E4A7BEB-44FB-4D34-B77A-6C354B9AD4DC}.Release|Any CPU.Build.0 = Release|Any CPU
		{E5D2044C-56B9-495D-A61B-5F6F59E1B8F4}.Debug|Any CPU.ActiveCfg = Debug|Any CPU
		{E5D2044C-56B9-495D-A61B-5F6F59E1B8F4}.Debug|Any CPU.Build.0 = Debug|Any CPU
		{E5D2044C-56B9-495D-A61B-5F6F59E1B8F4}.Release|Any CPU.ActiveCfg = Release|Any CPU
		{E5D2044C-56B9-495D-A61B-5F6F59E1B8F4}.Release|Any CPU.Build.0 = Release|Any CPU
		{1810A1FF-7243-42EB-B6E2-BB97AE500D0C}.Debug|Any CPU.ActiveCfg = Debug|Any CPU
		{1810A1FF-7243-42EB-B6E2-BB97AE500D0C}.Debug|Any CPU.Build.0 = Debug|Any CPU
		{1810A1FF-7243-42EB-B6E2-BB97AE500D0C}.Release|Any CPU.ActiveCfg = Release|Any CPU
		{1810A1FF-7243-42EB-B6E2-BB97AE500D0C}.Release|Any CPU.Build.0 = Release|Any CPU
		{B46B79BE-BF3A-4D7C-B415-2F6CB84BCD13}.Debug|Any CPU.ActiveCfg = Debug|Any CPU
		{B46B79BE-BF3A-4D7C-B415-2F6CB84BCD13}.Debug|Any CPU.Build.0 = Debug|Any CPU
		{B46B79BE-BF3A-4D7C-B415-2F6CB84BCD13}.Release|Any CPU.ActiveCfg = Release|Any CPU
		{B46B79BE-BF3A-4D7C-B415-2F6CB84BCD13}.Release|Any CPU.Build.0 = Release|Any CPU
		{12D32A64-15AF-41E1-9EB4-B9AC07256876}.Debug|Any CPU.ActiveCfg = Debug|Any CPU
		{12D32A64-15AF-41E1-9EB4-B9AC07256876}.Debug|Any CPU.Build.0 = Debug|Any CPU
		{12D32A64-15AF-41E1-9EB4-B9AC07256876}.Release|Any CPU.ActiveCfg = Release|Any CPU
		{12D32A64-15AF-41E1-9EB4-B9AC07256876}.Release|Any CPU.Build.0 = Release|Any CPU
		{81DDED9D-158B-E303-5F62-77A2896D2A5A}.Debug|Any CPU.ActiveCfg = Debug|Any CPU
		{81DDED9D-158B-E303-5F62-77A2896D2A5A}.Debug|Any CPU.Build.0 = Debug|Any CPU
		{81DDED9D-158B-E303-5F62-77A2896D2A5A}.Release|Any CPU.ActiveCfg = Release|Any CPU
		{81DDED9D-158B-E303-5F62-77A2896D2A5A}.Release|Any CPU.Build.0 = Release|Any CPU
		{EE50D978-726B-DE4C-EBF8-1232C77285FA}.Debug|Any CPU.ActiveCfg = Debug|Any CPU
		{EE50D978-726B-DE4C-EBF8-1232C77285FA}.Release|Any CPU.ActiveCfg = Debug|Any CPU
		{EE50D978-726B-DE4C-EBF8-1232C77285FA}.Release|Any CPU.Build.0 = Debug|Any CPU
	EndGlobalSection
	GlobalSection(SolutionProperties) = preSolution
		HideSolutionNode = FALSE
	EndGlobalSection
	GlobalSection(ExtensibilityGlobals) = postSolution
		SolutionGuid = {B7AE669B-59EB-4D14-8FE5-8245A398E1D6}
	EndGlobalSection
EndGlobal
